
Microsoft Visual Studio Solution File, Format Version 12.00
# Visual Studio Version 16
VisualStudioVersion = 16.0.31624.102
MinimumVisualStudioVersion = 10.0.40219.1
Project("{9A19103F-16F7-4668-BE54-9A1E7A4F7556}") = "02Exceptions", "03Exceptions\02Exceptions.csproj", "{BE4193EB-3392-481C-86D4-359F2655B935}"
EndProject
Project("{9A19103F-16F7-4668-BE54-9A1E7A4F7556}") = "03TractorandImplement", "03TractorandImplement\03TractorandImplement.csproj", "{60A285AC-EA8F-4797-BC41-6E58B413071F}"
EndProject
Project("{9A19103F-16F7-4668-BE54-9A1E7A4F7556}") = "04StaticExample", "04StaticExample\04StaticExample.csproj", "{9A26172C-3104-487C-BF44-97FA4E9AFECE}"
EndProject
Project("{9A19103F-16F7-4668-BE54-9A1E7A4F7556}") = "05AverageCalculator", "05AverageCalculator\05AverageCalculator.csproj", "{44CFF1FC-B58E-4B3F-A3F4-55B60AF502D7}"
EndProject
Project("{9A19103F-16F7-4668-BE54-9A1E7A4F7556}") = "06Dictionaries", "06Dictionaries\06Dictionaries.csproj", "{5DA03BD5-5BC4-457F-B915-2EADC0B06FFD}"
EndProject
Project("{9A19103F-16F7-4668-BE54-9A1E7A4F7556}") = "Test01", "Test01\Test01.csproj", "{256134A1-E25D-417C-BAF3-3DD433CAD605}"
EndProject
Project("{9A19103F-16F7-4668-BE54-9A1E7A4F7556}") = "07LetterAnalysis", "07LetterAnalysis\07LetterAnalysis.csproj", "{0BA16B2D-4624-41F7-96F6-89AA72B688B5}"
EndProject
Project("{9A19103F-16F7-4668-BE54-9A1E7A4F7556}") = "08Caesar", "08Cäsar\08Caesar.csproj", "{3BD7EA54-F3C9-4482-B185-434230809CA2}"
EndProject
Project("{9A19103F-16F7-4668-BE54-9A1E7A4F7556}") = "09InversionChiffre", "09InversionChiffre\09InversionChiffre.csproj", "{821842B6-3D23-4724-B3EF-6D822D17BB77}"
EndProject
Project("{9A19103F-16F7-4668-BE54-9A1E7A4F7556}") = "10StringFormatting", "10StringFormatting\10StringFormatting.csproj", "{D9B159BC-6EA2-43A9-A1ED-415AB0B0237C}"
EndProject
Project("{9A19103F-16F7-4668-BE54-9A1E7A4F7556}") = "11Pythagoras", "11Pythagoras\11Pythagoras.csproj", "{0ED29C28-9745-46BC-ADBF-65CD0BEBE37E}"
EndProject
Project("{9A19103F-16F7-4668-BE54-9A1E7A4F7556}") = "12PythagorasKonsole", "12PythagorasKonsole\12PythagorasKonsole.csproj", "{18A2B744-3400-4988-873A-2F8AC46158EA}"
EndProject
Project("{8BC9CEB8-8B4A-11D0-8D11-00A0C91BC942}") = "13HelloWorldC", "13HelloWorldC\13HelloWorldC.vcxproj", "{29B5F88F-D244-4990-8099-6C9CC27EA62F}"
EndProject
Project("{8BC9CEB8-8B4A-11D0-8D11-00A0C91BC942}") = "14IOinC", "14IOinC\14IOinC.vcxproj", "{0751E421-9621-4C90-989F-47B2BC4D4E09}"
EndProject
Project("{9A19103F-16F7-4668-BE54-9A1E7A4F7556}") = "2.1_Sonderzeichen", "2.1_Sonderzeichen\2.1_Sonderzeichen.csproj", "{624704A4-0561-449D-BC17-19911597C072}"
EndProject
Project("{9A19103F-16F7-4668-BE54-9A1E7A4F7556}") = "2.2_Laengenanalyse", "2.2_Laengenanalyse\2.2_Laengenanalyse.csproj", "{1AFF3FAD-69D8-4D05-827A-C871EBE5CDC4}"
EndProject
Project("{8BC9CEB8-8B4A-11D0-8D11-00A0C91BC942}") = "15GuessNumber", "15GuessNumber\15GuessNumber.vcxproj", "{26685154-3E9C-473C-BA38-222D051F5EF9}"
EndProject
Project("{8BC9CEB8-8B4A-11D0-8D11-00A0C91BC942}") = "16AverageOfNumbers", "16AverageOfNumbers\16AverageOfNumbers.vcxproj", "{794644E1-2749-4ED4-AFCC-29EBA164C530}"
EndProject
Project("{8BC9CEB8-8B4A-11D0-8D11-00A0C91BC942}") = "17Primtest", "17Primtest\17Primtest.vcxproj", "{E8F85CF5-76EB-4F6A-933B-330D980A3189}"
EndProject
Project("{9A19103F-16F7-4668-BE54-9A1E7A4F7556}") = "2AT.1_Hervorhebung", "2AT.1_Hervorhebung\2AT.1_Hervorhebung.csproj", "{2EB3A3E1-662E-4C7B-8186-EDD1CC2B7CE9}"
EndProject
Project("{9A19103F-16F7-4668-BE54-9A1E7A4F7556}") = "2AT.2_Hauefigkeitsanalyse", "2AT.2_Hauefigkeitsanalyse\2AT.2_Hauefigkeitsanalyse.csproj", "{5EF09609-E581-4FDB-B220-03760F4A2AE3}"
EndProject
Project("{8BC9CEB8-8B4A-11D0-8D11-00A0C91BC942}") = "18ReverseString", "18ReverseString\18ReverseString.vcxproj", "{E6B3F85A-CE6E-4B46-8354-0A9421BD32AA}"
EndProject
Project("{8BC9CEB8-8B4A-11D0-8D11-00A0C91BC942}") = "19Zeiger", "19Zeiger\19Zeiger.vcxproj", "{0C1987FF-371D-4115-9826-CA3F5185ACAE}"
EndProject
Project("{8BC9CEB8-8B4A-11D0-8D11-00A0C91BC942}") = "uebungsbeispieleTest3", "uebungsbeispieleTest3\uebungsbeispieleTest3.vcxproj", "{FDAF01B6-6585-4D83-BF78-EFFE602BA408}"
EndProject
Project("{8BC9CEB8-8B4A-11D0-8D11-00A0C91BC942}") = "3.1_Grenzen", "3.1_Grenzen\3.1_Grenzen.vcxproj", "{3D30DEC5-86CA-4470-8F9F-434334E733B6}"
EndProject
Project("{8BC9CEB8-8B4A-11D0-8D11-00A0C91BC942}") = "3.2_eZaehlen", "3.2_eZaehlen\3.2_eZaehlen.vcxproj", "{2BD6ABA8-D000-4322-905B-9A3FD0B4356E}"
EndProject
Project("{8BC9CEB8-8B4A-11D0-8D11-00A0C91BC942}") = "3.3_Vorkommen", "3.3_Vorkommen\3.3_Vorkommen.vcxproj", "{8A898C18-2A35-449F-A90F-4C53BF1B4C32}"
EndProject
Project("{8BC9CEB8-8B4A-11D0-8D11-00A0C91BC942}") = "20ZeigerArrays", "20ZeigerArrays\20ZeigerArrays.vcxproj", "{FC99703A-3558-46E0-A6A9-FE222CDB79A2}"
EndProject
Project("{9A19103F-16F7-4668-BE54-9A1E7A4F7556}") = "22SerialArduino", "22SerialArduino\22SerialArduino.csproj", "{A2A546AE-C075-4B99-A839-63E74EF549C7}"
EndProject
Project("{9A19103F-16F7-4668-BE54-9A1E7A4F7556}") = "23SerialArduinoKonsole", "23SerialArduinoKonsole\23SerialArduinoKonsole.csproj", "{665746E2-DF6F-43BA-BDC8-C2235A9418D4}"
EndProject
Project("{9A19103F-16F7-4668-BE54-9A1E7A4F7556}") = "24SerialArduinoGUI", "24SerialArduinoGUI\24SerialArduinoGUI.csproj", "{62C5E631-498A-4760-BBE6-4CE45E6F62C3}"
EndProject
Project("{8BC9CEB8-8B4A-11D0-8D11-00A0C91BC942}") = "Test4_Lotto", "Test4_Lotto\Test4_Lotto.vcxproj", "{C23E5E78-54C1-4A96-8083-91006C30E5CF}"
EndProject
Project("{9A19103F-16F7-4668-BE54-9A1E7A4F7556}") = "25UdpBroadcast", "25Broadcast\25UdpBroadcast.csproj", "{9B7611BE-CCE9-4D55-9A18-B76CF00C95B8}"
EndProject
Project("{2150E333-8FDC-42A3-9474-1A3956D46DE8}") = "BeispieleJahrespruefung", "BeispieleJahrespruefung", "{272D840B-31F3-4976-9DAF-5464AFAE42C6}"
EndProject
Project("{9A19103F-16F7-4668-BE54-9A1E7A4F7556}") = "Beispiel1", "Beispiel1\Beispiel1.csproj", "{F82FECBF-C2ED-4CD9-AA00-39E035E285F3}"
EndProject
Project("{9A19103F-16F7-4668-BE54-9A1E7A4F7556}") = "Beispiel2", "Beispiel2\Beispiel2.csproj", "{91D6C2FB-E3BA-4E1A-B292-20F20D48B81B}"
EndProject
Project("{8BC9CEB8-8B4A-11D0-8D11-00A0C91BC942}") = "Beispiel3", "Beispiel3\Beispiel3.vcxproj", "{2A7A5312-A38D-4FBB-BF2C-568E3D7B278C}"
EndProject
Project("{9A19103F-16F7-4668-BE54-9A1E7A4F7556}") = "26TcpLED", "26TcpLED\26TcpLED.csproj", "{355BFE55-4762-442A-879C-D6EC249526FB}"
EndProject
Project("{9A19103F-16F7-4668-BE54-9A1E7A4F7556}") = "27TelegramBot", "27TelegramBot\27TelegramBot.csproj", "{38627659-E2F2-4BE6-AC45-8B0C0BCA30F4}"
EndProject
Global
	GlobalSection(SolutionConfigurationPlatforms) = preSolution
		Debug|Any CPU = Debug|Any CPU
		Debug|x64 = Debug|x64
		Debug|x86 = Debug|x86
		Release|Any CPU = Release|Any CPU
		Release|x64 = Release|x64
		Release|x86 = Release|x86
	EndGlobalSection
	GlobalSection(ProjectConfigurationPlatforms) = postSolution
		{BE4193EB-3392-481C-86D4-359F2655B935}.Debug|Any CPU.ActiveCfg = Debug|Any CPU
		{BE4193EB-3392-481C-86D4-359F2655B935}.Debug|Any CPU.Build.0 = Debug|Any CPU
		{BE4193EB-3392-481C-86D4-359F2655B935}.Debug|x64.ActiveCfg = Debug|Any CPU
		{BE4193EB-3392-481C-86D4-359F2655B935}.Debug|x64.Build.0 = Debug|Any CPU
		{BE4193EB-3392-481C-86D4-359F2655B935}.Debug|x86.ActiveCfg = Debug|Any CPU
		{BE4193EB-3392-481C-86D4-359F2655B935}.Debug|x86.Build.0 = Debug|Any CPU
		{BE4193EB-3392-481C-86D4-359F2655B935}.Release|Any CPU.ActiveCfg = Release|Any CPU
		{BE4193EB-3392-481C-86D4-359F2655B935}.Release|Any CPU.Build.0 = Release|Any CPU
		{BE4193EB-3392-481C-86D4-359F2655B935}.Release|x64.ActiveCfg = Release|Any CPU
		{BE4193EB-3392-481C-86D4-359F2655B935}.Release|x64.Build.0 = Release|Any CPU
		{BE4193EB-3392-481C-86D4-359F2655B935}.Release|x86.ActiveCfg = Release|Any CPU
		{BE4193EB-3392-481C-86D4-359F2655B935}.Release|x86.Build.0 = Release|Any CPU
		{60A285AC-EA8F-4797-BC41-6E58B413071F}.Debug|Any CPU.ActiveCfg = Debug|Any CPU
		{60A285AC-EA8F-4797-BC41-6E58B413071F}.Debug|Any CPU.Build.0 = Debug|Any CPU
		{60A285AC-EA8F-4797-BC41-6E58B413071F}.Debug|x64.ActiveCfg = Debug|Any CPU
		{60A285AC-EA8F-4797-BC41-6E58B413071F}.Debug|x64.Build.0 = Debug|Any CPU
		{60A285AC-EA8F-4797-BC41-6E58B413071F}.Debug|x86.ActiveCfg = Debug|Any CPU
		{60A285AC-EA8F-4797-BC41-6E58B413071F}.Debug|x86.Build.0 = Debug|Any CPU
		{60A285AC-EA8F-4797-BC41-6E58B413071F}.Release|Any CPU.ActiveCfg = Release|Any CPU
		{60A285AC-EA8F-4797-BC41-6E58B413071F}.Release|Any CPU.Build.0 = Release|Any CPU
		{60A285AC-EA8F-4797-BC41-6E58B413071F}.Release|x64.ActiveCfg = Release|Any CPU
		{60A285AC-EA8F-4797-BC41-6E58B413071F}.Release|x64.Build.0 = Release|Any CPU
		{60A285AC-EA8F-4797-BC41-6E58B413071F}.Release|x86.ActiveCfg = Release|Any CPU
		{60A285AC-EA8F-4797-BC41-6E58B413071F}.Release|x86.Build.0 = Release|Any CPU
		{9A26172C-3104-487C-BF44-97FA4E9AFECE}.Debug|Any CPU.ActiveCfg = Debug|Any CPU
		{9A26172C-3104-487C-BF44-97FA4E9AFECE}.Debug|Any CPU.Build.0 = Debug|Any CPU
		{9A26172C-3104-487C-BF44-97FA4E9AFECE}.Debug|x64.ActiveCfg = Debug|Any CPU
		{9A26172C-3104-487C-BF44-97FA4E9AFECE}.Debug|x64.Build.0 = Debug|Any CPU
		{9A26172C-3104-487C-BF44-97FA4E9AFECE}.Debug|x86.ActiveCfg = Debug|Any CPU
		{9A26172C-3104-487C-BF44-97FA4E9AFECE}.Debug|x86.Build.0 = Debug|Any CPU
		{9A26172C-3104-487C-BF44-97FA4E9AFECE}.Release|Any CPU.ActiveCfg = Release|Any CPU
		{9A26172C-3104-487C-BF44-97FA4E9AFECE}.Release|Any CPU.Build.0 = Release|Any CPU
		{9A26172C-3104-487C-BF44-97FA4E9AFECE}.Release|x64.ActiveCfg = Release|Any CPU
		{9A26172C-3104-487C-BF44-97FA4E9AFECE}.Release|x64.Build.0 = Release|Any CPU
		{9A26172C-3104-487C-BF44-97FA4E9AFECE}.Release|x86.ActiveCfg = Release|Any CPU
		{9A26172C-3104-487C-BF44-97FA4E9AFECE}.Release|x86.Build.0 = Release|Any CPU
		{44CFF1FC-B58E-4B3F-A3F4-55B60AF502D7}.Debug|Any CPU.ActiveCfg = Debug|Any CPU
		{44CFF1FC-B58E-4B3F-A3F4-55B60AF502D7}.Debug|Any CPU.Build.0 = Debug|Any CPU
		{44CFF1FC-B58E-4B3F-A3F4-55B60AF502D7}.Debug|x64.ActiveCfg = Debug|Any CPU
		{44CFF1FC-B58E-4B3F-A3F4-55B60AF502D7}.Debug|x64.Build.0 = Debug|Any CPU
		{44CFF1FC-B58E-4B3F-A3F4-55B60AF502D7}.Debug|x86.ActiveCfg = Debug|Any CPU
		{44CFF1FC-B58E-4B3F-A3F4-55B60AF502D7}.Debug|x86.Build.0 = Debug|Any CPU
		{44CFF1FC-B58E-4B3F-A3F4-55B60AF502D7}.Release|Any CPU.ActiveCfg = Release|Any CPU
		{44CFF1FC-B58E-4B3F-A3F4-55B60AF502D7}.Release|Any CPU.Build.0 = Release|Any CPU
		{44CFF1FC-B58E-4B3F-A3F4-55B60AF502D7}.Release|x64.ActiveCfg = Release|Any CPU
		{44CFF1FC-B58E-4B3F-A3F4-55B60AF502D7}.Release|x64.Build.0 = Release|Any CPU
		{44CFF1FC-B58E-4B3F-A3F4-55B60AF502D7}.Release|x86.ActiveCfg = Release|Any CPU
		{44CFF1FC-B58E-4B3F-A3F4-55B60AF502D7}.Release|x86.Build.0 = Release|Any CPU
		{5DA03BD5-5BC4-457F-B915-2EADC0B06FFD}.Debug|Any CPU.ActiveCfg = Debug|Any CPU
		{5DA03BD5-5BC4-457F-B915-2EADC0B06FFD}.Debug|Any CPU.Build.0 = Debug|Any CPU
		{5DA03BD5-5BC4-457F-B915-2EADC0B06FFD}.Debug|x64.ActiveCfg = Debug|Any CPU
		{5DA03BD5-5BC4-457F-B915-2EADC0B06FFD}.Debug|x64.Build.0 = Debug|Any CPU
		{5DA03BD5-5BC4-457F-B915-2EADC0B06FFD}.Debug|x86.ActiveCfg = Debug|Any CPU
		{5DA03BD5-5BC4-457F-B915-2EADC0B06FFD}.Debug|x86.Build.0 = Debug|Any CPU
		{5DA03BD5-5BC4-457F-B915-2EADC0B06FFD}.Release|Any CPU.ActiveCfg = Release|Any CPU
		{5DA03BD5-5BC4-457F-B915-2EADC0B06FFD}.Release|Any CPU.Build.0 = Release|Any CPU
		{5DA03BD5-5BC4-457F-B915-2EADC0B06FFD}.Release|x64.ActiveCfg = Release|Any CPU
		{5DA03BD5-5BC4-457F-B915-2EADC0B06FFD}.Release|x64.Build.0 = Release|Any CPU
		{5DA03BD5-5BC4-457F-B915-2EADC0B06FFD}.Release|x86.ActiveCfg = Release|Any CPU
		{5DA03BD5-5BC4-457F-B915-2EADC0B06FFD}.Release|x86.Build.0 = Release|Any CPU
		{256134A1-E25D-417C-BAF3-3DD433CAD605}.Debug|Any CPU.ActiveCfg = Debug|Any CPU
		{256134A1-E25D-417C-BAF3-3DD433CAD605}.Debug|Any CPU.Build.0 = Debug|Any CPU
		{256134A1-E25D-417C-BAF3-3DD433CAD605}.Debug|x64.ActiveCfg = Debug|Any CPU
		{256134A1-E25D-417C-BAF3-3DD433CAD605}.Debug|x64.Build.0 = Debug|Any CPU
		{256134A1-E25D-417C-BAF3-3DD433CAD605}.Debug|x86.ActiveCfg = Debug|Any CPU
		{256134A1-E25D-417C-BAF3-3DD433CAD605}.Debug|x86.Build.0 = Debug|Any CPU
		{256134A1-E25D-417C-BAF3-3DD433CAD605}.Release|Any CPU.ActiveCfg = Release|Any CPU
		{256134A1-E25D-417C-BAF3-3DD433CAD605}.Release|Any CPU.Build.0 = Release|Any CPU
		{256134A1-E25D-417C-BAF3-3DD433CAD605}.Release|x64.ActiveCfg = Release|Any CPU
		{256134A1-E25D-417C-BAF3-3DD433CAD605}.Release|x64.Build.0 = Release|Any CPU
		{256134A1-E25D-417C-BAF3-3DD433CAD605}.Release|x86.ActiveCfg = Release|Any CPU
		{256134A1-E25D-417C-BAF3-3DD433CAD605}.Release|x86.Build.0 = Release|Any CPU
		{0BA16B2D-4624-41F7-96F6-89AA72B688B5}.Debug|Any CPU.ActiveCfg = Debug|Any CPU
		{0BA16B2D-4624-41F7-96F6-89AA72B688B5}.Debug|Any CPU.Build.0 = Debug|Any CPU
		{0BA16B2D-4624-41F7-96F6-89AA72B688B5}.Debug|x64.ActiveCfg = Debug|Any CPU
		{0BA16B2D-4624-41F7-96F6-89AA72B688B5}.Debug|x64.Build.0 = Debug|Any CPU
		{0BA16B2D-4624-41F7-96F6-89AA72B688B5}.Debug|x86.ActiveCfg = Debug|Any CPU
		{0BA16B2D-4624-41F7-96F6-89AA72B688B5}.Debug|x86.Build.0 = Debug|Any CPU
		{0BA16B2D-4624-41F7-96F6-89AA72B688B5}.Release|Any CPU.ActiveCfg = Release|Any CPU
		{0BA16B2D-4624-41F7-96F6-89AA72B688B5}.Release|Any CPU.Build.0 = Release|Any CPU
		{0BA16B2D-4624-41F7-96F6-89AA72B688B5}.Release|x64.ActiveCfg = Release|Any CPU
		{0BA16B2D-4624-41F7-96F6-89AA72B688B5}.Release|x64.Build.0 = Release|Any CPU
		{0BA16B2D-4624-41F7-96F6-89AA72B688B5}.Release|x86.ActiveCfg = Release|Any CPU
		{0BA16B2D-4624-41F7-96F6-89AA72B688B5}.Release|x86.Build.0 = Release|Any CPU
		{3BD7EA54-F3C9-4482-B185-434230809CA2}.Debug|Any CPU.ActiveCfg = Debug|Any CPU
		{3BD7EA54-F3C9-4482-B185-434230809CA2}.Debug|Any CPU.Build.0 = Debug|Any CPU
		{3BD7EA54-F3C9-4482-B185-434230809CA2}.Debug|x64.ActiveCfg = Debug|Any CPU
		{3BD7EA54-F3C9-4482-B185-434230809CA2}.Debug|x64.Build.0 = Debug|Any CPU
		{3BD7EA54-F3C9-4482-B185-434230809CA2}.Debug|x86.ActiveCfg = Debug|Any CPU
		{3BD7EA54-F3C9-4482-B185-434230809CA2}.Debug|x86.Build.0 = Debug|Any CPU
		{3BD7EA54-F3C9-4482-B185-434230809CA2}.Release|Any CPU.ActiveCfg = Release|Any CPU
		{3BD7EA54-F3C9-4482-B185-434230809CA2}.Release|Any CPU.Build.0 = Release|Any CPU
		{3BD7EA54-F3C9-4482-B185-434230809CA2}.Release|x64.ActiveCfg = Release|Any CPU
		{3BD7EA54-F3C9-4482-B185-434230809CA2}.Release|x64.Build.0 = Release|Any CPU
		{3BD7EA54-F3C9-4482-B185-434230809CA2}.Release|x86.ActiveCfg = Release|Any CPU
		{3BD7EA54-F3C9-4482-B185-434230809CA2}.Release|x86.Build.0 = Release|Any CPU
		{821842B6-3D23-4724-B3EF-6D822D17BB77}.Debug|Any CPU.ActiveCfg = Debug|Any CPU
		{821842B6-3D23-4724-B3EF-6D822D17BB77}.Debug|Any CPU.Build.0 = Debug|Any CPU
		{821842B6-3D23-4724-B3EF-6D822D17BB77}.Debug|x64.ActiveCfg = Debug|Any CPU
		{821842B6-3D23-4724-B3EF-6D822D17BB77}.Debug|x64.Build.0 = Debug|Any CPU
		{821842B6-3D23-4724-B3EF-6D822D17BB77}.Debug|x86.ActiveCfg = Debug|Any CPU
		{821842B6-3D23-4724-B3EF-6D822D17BB77}.Debug|x86.Build.0 = Debug|Any CPU
		{821842B6-3D23-4724-B3EF-6D822D17BB77}.Release|Any CPU.ActiveCfg = Release|Any CPU
		{821842B6-3D23-4724-B3EF-6D822D17BB77}.Release|Any CPU.Build.0 = Release|Any CPU
		{821842B6-3D23-4724-B3EF-6D822D17BB77}.Release|x64.ActiveCfg = Release|Any CPU
		{821842B6-3D23-4724-B3EF-6D822D17BB77}.Release|x64.Build.0 = Release|Any CPU
		{821842B6-3D23-4724-B3EF-6D822D17BB77}.Release|x86.ActiveCfg = Release|Any CPU
		{821842B6-3D23-4724-B3EF-6D822D17BB77}.Release|x86.Build.0 = Release|Any CPU
		{D9B159BC-6EA2-43A9-A1ED-415AB0B0237C}.Debug|Any CPU.ActiveCfg = Debug|Any CPU
		{D9B159BC-6EA2-43A9-A1ED-415AB0B0237C}.Debug|Any CPU.Build.0 = Debug|Any CPU
		{D9B159BC-6EA2-43A9-A1ED-415AB0B0237C}.Debug|x64.ActiveCfg = Debug|Any CPU
		{D9B159BC-6EA2-43A9-A1ED-415AB0B0237C}.Debug|x64.Build.0 = Debug|Any CPU
		{D9B159BC-6EA2-43A9-A1ED-415AB0B0237C}.Debug|x86.ActiveCfg = Debug|Any CPU
		{D9B159BC-6EA2-43A9-A1ED-415AB0B0237C}.Debug|x86.Build.0 = Debug|Any CPU
		{D9B159BC-6EA2-43A9-A1ED-415AB0B0237C}.Release|Any CPU.ActiveCfg = Release|Any CPU
		{D9B159BC-6EA2-43A9-A1ED-415AB0B0237C}.Release|Any CPU.Build.0 = Release|Any CPU
		{D9B159BC-6EA2-43A9-A1ED-415AB0B0237C}.Release|x64.ActiveCfg = Release|Any CPU
		{D9B159BC-6EA2-43A9-A1ED-415AB0B0237C}.Release|x64.Build.0 = Release|Any CPU
		{D9B159BC-6EA2-43A9-A1ED-415AB0B0237C}.Release|x86.ActiveCfg = Release|Any CPU
		{D9B159BC-6EA2-43A9-A1ED-415AB0B0237C}.Release|x86.Build.0 = Release|Any CPU
		{0ED29C28-9745-46BC-ADBF-65CD0BEBE37E}.Debug|Any CPU.ActiveCfg = Debug|Any CPU
		{0ED29C28-9745-46BC-ADBF-65CD0BEBE37E}.Debug|Any CPU.Build.0 = Debug|Any CPU
		{0ED29C28-9745-46BC-ADBF-65CD0BEBE37E}.Debug|x64.ActiveCfg = Debug|Any CPU
		{0ED29C28-9745-46BC-ADBF-65CD0BEBE37E}.Debug|x64.Build.0 = Debug|Any CPU
		{0ED29C28-9745-46BC-ADBF-65CD0BEBE37E}.Debug|x86.ActiveCfg = Debug|Any CPU
		{0ED29C28-9745-46BC-ADBF-65CD0BEBE37E}.Debug|x86.Build.0 = Debug|Any CPU
		{0ED29C28-9745-46BC-ADBF-65CD0BEBE37E}.Release|Any CPU.ActiveCfg = Release|Any CPU
		{0ED29C28-9745-46BC-ADBF-65CD0BEBE37E}.Release|Any CPU.Build.0 = Release|Any CPU
		{0ED29C28-9745-46BC-ADBF-65CD0BEBE37E}.Release|x64.ActiveCfg = Release|Any CPU
		{0ED29C28-9745-46BC-ADBF-65CD0BEBE37E}.Release|x64.Build.0 = Release|Any CPU
		{0ED29C28-9745-46BC-ADBF-65CD0BEBE37E}.Release|x86.ActiveCfg = Release|Any CPU
		{0ED29C28-9745-46BC-ADBF-65CD0BEBE37E}.Release|x86.Build.0 = Release|Any CPU
		{18A2B744-3400-4988-873A-2F8AC46158EA}.Debug|Any CPU.ActiveCfg = Debug|Any CPU
		{18A2B744-3400-4988-873A-2F8AC46158EA}.Debug|Any CPU.Build.0 = Debug|Any CPU
		{18A2B744-3400-4988-873A-2F8AC46158EA}.Debug|x64.ActiveCfg = Debug|Any CPU
		{18A2B744-3400-4988-873A-2F8AC46158EA}.Debug|x64.Build.0 = Debug|Any CPU
		{18A2B744-3400-4988-873A-2F8AC46158EA}.Debug|x86.ActiveCfg = Debug|Any CPU
		{18A2B744-3400-4988-873A-2F8AC46158EA}.Debug|x86.Build.0 = Debug|Any CPU
		{18A2B744-3400-4988-873A-2F8AC46158EA}.Release|Any CPU.ActiveCfg = Release|Any CPU
		{18A2B744-3400-4988-873A-2F8AC46158EA}.Release|Any CPU.Build.0 = Release|Any CPU
		{18A2B744-3400-4988-873A-2F8AC46158EA}.Release|x64.ActiveCfg = Release|Any CPU
		{18A2B744-3400-4988-873A-2F8AC46158EA}.Release|x64.Build.0 = Release|Any CPU
		{18A2B744-3400-4988-873A-2F8AC46158EA}.Release|x86.ActiveCfg = Release|Any CPU
		{18A2B744-3400-4988-873A-2F8AC46158EA}.Release|x86.Build.0 = Release|Any CPU
		{29B5F88F-D244-4990-8099-6C9CC27EA62F}.Debug|Any CPU.ActiveCfg = Debug|Win32
		{29B5F88F-D244-4990-8099-6C9CC27EA62F}.Debug|x64.ActiveCfg = Debug|x64
		{29B5F88F-D244-4990-8099-6C9CC27EA62F}.Debug|x64.Build.0 = Debug|x64
		{29B5F88F-D244-4990-8099-6C9CC27EA62F}.Debug|x86.ActiveCfg = Debug|Win32
		{29B5F88F-D244-4990-8099-6C9CC27EA62F}.Debug|x86.Build.0 = Debug|Win32
		{29B5F88F-D244-4990-8099-6C9CC27EA62F}.Release|Any CPU.ActiveCfg = Release|Win32
		{29B5F88F-D244-4990-8099-6C9CC27EA62F}.Release|x64.ActiveCfg = Release|x64
		{29B5F88F-D244-4990-8099-6C9CC27EA62F}.Release|x64.Build.0 = Release|x64
		{29B5F88F-D244-4990-8099-6C9CC27EA62F}.Release|x86.ActiveCfg = Release|Win32
		{29B5F88F-D244-4990-8099-6C9CC27EA62F}.Release|x86.Build.0 = Release|Win32
		{0751E421-9621-4C90-989F-47B2BC4D4E09}.Debug|Any CPU.ActiveCfg = Debug|Win32
		{0751E421-9621-4C90-989F-47B2BC4D4E09}.Debug|x64.ActiveCfg = Debug|x64
		{0751E421-9621-4C90-989F-47B2BC4D4E09}.Debug|x64.Build.0 = Debug|x64
		{0751E421-9621-4C90-989F-47B2BC4D4E09}.Debug|x86.ActiveCfg = Debug|Win32
		{0751E421-9621-4C90-989F-47B2BC4D4E09}.Debug|x86.Build.0 = Debug|Win32
		{0751E421-9621-4C90-989F-47B2BC4D4E09}.Release|Any CPU.ActiveCfg = Release|Win32
		{0751E421-9621-4C90-989F-47B2BC4D4E09}.Release|x64.ActiveCfg = Release|x64
		{0751E421-9621-4C90-989F-47B2BC4D4E09}.Release|x64.Build.0 = Release|x64
		{0751E421-9621-4C90-989F-47B2BC4D4E09}.Release|x86.ActiveCfg = Release|Win32
		{0751E421-9621-4C90-989F-47B2BC4D4E09}.Release|x86.Build.0 = Release|Win32
		{624704A4-0561-449D-BC17-19911597C072}.Debug|Any CPU.ActiveCfg = Debug|Any CPU
		{624704A4-0561-449D-BC17-19911597C072}.Debug|Any CPU.Build.0 = Debug|Any CPU
		{624704A4-0561-449D-BC17-19911597C072}.Debug|x64.ActiveCfg = Debug|Any CPU
		{624704A4-0561-449D-BC17-19911597C072}.Debug|x64.Build.0 = Debug|Any CPU
		{624704A4-0561-449D-BC17-19911597C072}.Debug|x86.ActiveCfg = Debug|Any CPU
		{624704A4-0561-449D-BC17-19911597C072}.Debug|x86.Build.0 = Debug|Any CPU
		{624704A4-0561-449D-BC17-19911597C072}.Release|Any CPU.ActiveCfg = Release|Any CPU
		{624704A4-0561-449D-BC17-19911597C072}.Release|Any CPU.Build.0 = Release|Any CPU
		{624704A4-0561-449D-BC17-19911597C072}.Release|x64.ActiveCfg = Release|Any CPU
		{624704A4-0561-449D-BC17-19911597C072}.Release|x64.Build.0 = Release|Any CPU
		{624704A4-0561-449D-BC17-19911597C072}.Release|x86.ActiveCfg = Release|Any CPU
		{624704A4-0561-449D-BC17-19911597C072}.Release|x86.Build.0 = Release|Any CPU
		{1AFF3FAD-69D8-4D05-827A-C871EBE5CDC4}.Debug|Any CPU.ActiveCfg = Debug|Any CPU
		{1AFF3FAD-69D8-4D05-827A-C871EBE5CDC4}.Debug|Any CPU.Build.0 = Debug|Any CPU
		{1AFF3FAD-69D8-4D05-827A-C871EBE5CDC4}.Debug|x64.ActiveCfg = Debug|Any CPU
		{1AFF3FAD-69D8-4D05-827A-C871EBE5CDC4}.Debug|x64.Build.0 = Debug|Any CPU
		{1AFF3FAD-69D8-4D05-827A-C871EBE5CDC4}.Debug|x86.ActiveCfg = Debug|Any CPU
		{1AFF3FAD-69D8-4D05-827A-C871EBE5CDC4}.Debug|x86.Build.0 = Debug|Any CPU
		{1AFF3FAD-69D8-4D05-827A-C871EBE5CDC4}.Release|Any CPU.ActiveCfg = Release|Any CPU
		{1AFF3FAD-69D8-4D05-827A-C871EBE5CDC4}.Release|Any CPU.Build.0 = Release|Any CPU
		{1AFF3FAD-69D8-4D05-827A-C871EBE5CDC4}.Release|x64.ActiveCfg = Release|Any CPU
		{1AFF3FAD-69D8-4D05-827A-C871EBE5CDC4}.Release|x64.Build.0 = Release|Any CPU
		{1AFF3FAD-69D8-4D05-827A-C871EBE5CDC4}.Release|x86.ActiveCfg = Release|Any CPU
		{1AFF3FAD-69D8-4D05-827A-C871EBE5CDC4}.Release|x86.Build.0 = Release|Any CPU
		{26685154-3E9C-473C-BA38-222D051F5EF9}.Debug|Any CPU.ActiveCfg = Debug|Win32
		{26685154-3E9C-473C-BA38-222D051F5EF9}.Debug|x64.ActiveCfg = Debug|x64
		{26685154-3E9C-473C-BA38-222D051F5EF9}.Debug|x64.Build.0 = Debug|x64
		{26685154-3E9C-473C-BA38-222D051F5EF9}.Debug|x86.ActiveCfg = Debug|Win32
		{26685154-3E9C-473C-BA38-222D051F5EF9}.Debug|x86.Build.0 = Debug|Win32
		{26685154-3E9C-473C-BA38-222D051F5EF9}.Release|Any CPU.ActiveCfg = Release|Win32
		{26685154-3E9C-473C-BA38-222D051F5EF9}.Release|x64.ActiveCfg = Release|x64
		{26685154-3E9C-473C-BA38-222D051F5EF9}.Release|x64.Build.0 = Release|x64
		{26685154-3E9C-473C-BA38-222D051F5EF9}.Release|x86.ActiveCfg = Release|Win32
		{26685154-3E9C-473C-BA38-222D051F5EF9}.Release|x86.Build.0 = Release|Win32
		{794644E1-2749-4ED4-AFCC-29EBA164C530}.Debug|Any CPU.ActiveCfg = Debug|Win32
		{794644E1-2749-4ED4-AFCC-29EBA164C530}.Debug|x64.ActiveCfg = Debug|x64
		{794644E1-2749-4ED4-AFCC-29EBA164C530}.Debug|x64.Build.0 = Debug|x64
		{794644E1-2749-4ED4-AFCC-29EBA164C530}.Debug|x86.ActiveCfg = Debug|Win32
		{794644E1-2749-4ED4-AFCC-29EBA164C530}.Debug|x86.Build.0 = Debug|Win32
		{794644E1-2749-4ED4-AFCC-29EBA164C530}.Release|Any CPU.ActiveCfg = Release|Win32
		{794644E1-2749-4ED4-AFCC-29EBA164C530}.Release|x64.ActiveCfg = Release|x64
		{794644E1-2749-4ED4-AFCC-29EBA164C530}.Release|x64.Build.0 = Release|x64
		{794644E1-2749-4ED4-AFCC-29EBA164C530}.Release|x86.ActiveCfg = Release|Win32
		{794644E1-2749-4ED4-AFCC-29EBA164C530}.Release|x86.Build.0 = Release|Win32
		{E8F85CF5-76EB-4F6A-933B-330D980A3189}.Debug|Any CPU.ActiveCfg = Debug|Win32
		{E8F85CF5-76EB-4F6A-933B-330D980A3189}.Debug|x64.ActiveCfg = Debug|x64
		{E8F85CF5-76EB-4F6A-933B-330D980A3189}.Debug|x64.Build.0 = Debug|x64
		{E8F85CF5-76EB-4F6A-933B-330D980A3189}.Debug|x86.ActiveCfg = Debug|Win32
		{E8F85CF5-76EB-4F6A-933B-330D980A3189}.Debug|x86.Build.0 = Debug|Win32
		{E8F85CF5-76EB-4F6A-933B-330D980A3189}.Release|Any CPU.ActiveCfg = Release|Win32
		{E8F85CF5-76EB-4F6A-933B-330D980A3189}.Release|x64.ActiveCfg = Release|x64
		{E8F85CF5-76EB-4F6A-933B-330D980A3189}.Release|x64.Build.0 = Release|x64
		{E8F85CF5-76EB-4F6A-933B-330D980A3189}.Release|x86.ActiveCfg = Release|Win32
		{E8F85CF5-76EB-4F6A-933B-330D980A3189}.Release|x86.Build.0 = Release|Win32
		{2EB3A3E1-662E-4C7B-8186-EDD1CC2B7CE9}.Debug|Any CPU.ActiveCfg = Debug|Any CPU
		{2EB3A3E1-662E-4C7B-8186-EDD1CC2B7CE9}.Debug|Any CPU.Build.0 = Debug|Any CPU
		{2EB3A3E1-662E-4C7B-8186-EDD1CC2B7CE9}.Debug|x64.ActiveCfg = Debug|Any CPU
		{2EB3A3E1-662E-4C7B-8186-EDD1CC2B7CE9}.Debug|x64.Build.0 = Debug|Any CPU
		{2EB3A3E1-662E-4C7B-8186-EDD1CC2B7CE9}.Debug|x86.ActiveCfg = Debug|Any CPU
		{2EB3A3E1-662E-4C7B-8186-EDD1CC2B7CE9}.Debug|x86.Build.0 = Debug|Any CPU
		{2EB3A3E1-662E-4C7B-8186-EDD1CC2B7CE9}.Release|Any CPU.ActiveCfg = Release|Any CPU
		{2EB3A3E1-662E-4C7B-8186-EDD1CC2B7CE9}.Release|Any CPU.Build.0 = Release|Any CPU
		{2EB3A3E1-662E-4C7B-8186-EDD1CC2B7CE9}.Release|x64.ActiveCfg = Release|Any CPU
		{2EB3A3E1-662E-4C7B-8186-EDD1CC2B7CE9}.Release|x64.Build.0 = Release|Any CPU
		{2EB3A3E1-662E-4C7B-8186-EDD1CC2B7CE9}.Release|x86.ActiveCfg = Release|Any CPU
		{2EB3A3E1-662E-4C7B-8186-EDD1CC2B7CE9}.Release|x86.Build.0 = Release|Any CPU
		{5EF09609-E581-4FDB-B220-03760F4A2AE3}.Debug|Any CPU.ActiveCfg = Debug|Any CPU
		{5EF09609-E581-4FDB-B220-03760F4A2AE3}.Debug|Any CPU.Build.0 = Debug|Any CPU
		{5EF09609-E581-4FDB-B220-03760F4A2AE3}.Debug|x64.ActiveCfg = Debug|Any CPU
		{5EF09609-E581-4FDB-B220-03760F4A2AE3}.Debug|x64.Build.0 = Debug|Any CPU
		{5EF09609-E581-4FDB-B220-03760F4A2AE3}.Debug|x86.ActiveCfg = Debug|Any CPU
		{5EF09609-E581-4FDB-B220-03760F4A2AE3}.Debug|x86.Build.0 = Debug|Any CPU
		{5EF09609-E581-4FDB-B220-03760F4A2AE3}.Release|Any CPU.ActiveCfg = Release|Any CPU
		{5EF09609-E581-4FDB-B220-03760F4A2AE3}.Release|Any CPU.Build.0 = Release|Any CPU
		{5EF09609-E581-4FDB-B220-03760F4A2AE3}.Release|x64.ActiveCfg = Release|Any CPU
		{5EF09609-E581-4FDB-B220-03760F4A2AE3}.Release|x64.Build.0 = Release|Any CPU
		{5EF09609-E581-4FDB-B220-03760F4A2AE3}.Release|x86.ActiveCfg = Release|Any CPU
		{5EF09609-E581-4FDB-B220-03760F4A2AE3}.Release|x86.Build.0 = Release|Any CPU
		{E6B3F85A-CE6E-4B46-8354-0A9421BD32AA}.Debug|Any CPU.ActiveCfg = Debug|Win32
		{E6B3F85A-CE6E-4B46-8354-0A9421BD32AA}.Debug|x64.ActiveCfg = Debug|x64
		{E6B3F85A-CE6E-4B46-8354-0A9421BD32AA}.Debug|x64.Build.0 = Debug|x64
		{E6B3F85A-CE6E-4B46-8354-0A9421BD32AA}.Debug|x86.ActiveCfg = Debug|Win32
		{E6B3F85A-CE6E-4B46-8354-0A9421BD32AA}.Debug|x86.Build.0 = Debug|Win32
		{E6B3F85A-CE6E-4B46-8354-0A9421BD32AA}.Release|Any CPU.ActiveCfg = Release|Win32
		{E6B3F85A-CE6E-4B46-8354-0A9421BD32AA}.Release|x64.ActiveCfg = Release|x64
		{E6B3F85A-CE6E-4B46-8354-0A9421BD32AA}.Release|x64.Build.0 = Release|x64
		{E6B3F85A-CE6E-4B46-8354-0A9421BD32AA}.Release|x86.ActiveCfg = Release|Win32
		{E6B3F85A-CE6E-4B46-8354-0A9421BD32AA}.Release|x86.Build.0 = Release|Win32
		{0C1987FF-371D-4115-9826-CA3F5185ACAE}.Debug|Any CPU.ActiveCfg = Debug|Win32
		{0C1987FF-371D-4115-9826-CA3F5185ACAE}.Debug|x64.ActiveCfg = Debug|x64
		{0C1987FF-371D-4115-9826-CA3F5185ACAE}.Debug|x64.Build.0 = Debug|x64
		{0C1987FF-371D-4115-9826-CA3F5185ACAE}.Debug|x86.ActiveCfg = Debug|Win32
		{0C1987FF-371D-4115-9826-CA3F5185ACAE}.Debug|x86.Build.0 = Debug|Win32
		{0C1987FF-371D-4115-9826-CA3F5185ACAE}.Release|Any CPU.ActiveCfg = Release|Win32
		{0C1987FF-371D-4115-9826-CA3F5185ACAE}.Release|x64.ActiveCfg = Release|x64
		{0C1987FF-371D-4115-9826-CA3F5185ACAE}.Release|x64.Build.0 = Release|x64
		{0C1987FF-371D-4115-9826-CA3F5185ACAE}.Release|x86.ActiveCfg = Release|Win32
		{0C1987FF-371D-4115-9826-CA3F5185ACAE}.Release|x86.Build.0 = Release|Win32
		{FDAF01B6-6585-4D83-BF78-EFFE602BA408}.Debug|Any CPU.ActiveCfg = Debug|Win32
		{FDAF01B6-6585-4D83-BF78-EFFE602BA408}.Debug|x64.ActiveCfg = Debug|x64
		{FDAF01B6-6585-4D83-BF78-EFFE602BA408}.Debug|x64.Build.0 = Debug|x64
		{FDAF01B6-6585-4D83-BF78-EFFE602BA408}.Debug|x86.ActiveCfg = Debug|Win32
		{FDAF01B6-6585-4D83-BF78-EFFE602BA408}.Debug|x86.Build.0 = Debug|Win32
		{FDAF01B6-6585-4D83-BF78-EFFE602BA408}.Release|Any CPU.ActiveCfg = Release|Win32
		{FDAF01B6-6585-4D83-BF78-EFFE602BA408}.Release|x64.ActiveCfg = Release|x64
		{FDAF01B6-6585-4D83-BF78-EFFE602BA408}.Release|x64.Build.0 = Release|x64
		{FDAF01B6-6585-4D83-BF78-EFFE602BA408}.Release|x86.ActiveCfg = Release|Win32
		{FDAF01B6-6585-4D83-BF78-EFFE602BA408}.Release|x86.Build.0 = Release|Win32
		{3D30DEC5-86CA-4470-8F9F-434334E733B6}.Debug|Any CPU.ActiveCfg = Debug|Win32
		{3D30DEC5-86CA-4470-8F9F-434334E733B6}.Debug|x64.ActiveCfg = Debug|x64
		{3D30DEC5-86CA-4470-8F9F-434334E733B6}.Debug|x64.Build.0 = Debug|x64
		{3D30DEC5-86CA-4470-8F9F-434334E733B6}.Debug|x86.ActiveCfg = Debug|Win32
		{3D30DEC5-86CA-4470-8F9F-434334E733B6}.Debug|x86.Build.0 = Debug|Win32
		{3D30DEC5-86CA-4470-8F9F-434334E733B6}.Release|Any CPU.ActiveCfg = Release|Win32
		{3D30DEC5-86CA-4470-8F9F-434334E733B6}.Release|x64.ActiveCfg = Release|x64
		{3D30DEC5-86CA-4470-8F9F-434334E733B6}.Release|x64.Build.0 = Release|x64
		{3D30DEC5-86CA-4470-8F9F-434334E733B6}.Release|x86.ActiveCfg = Release|Win32
		{3D30DEC5-86CA-4470-8F9F-434334E733B6}.Release|x86.Build.0 = Release|Win32
		{2BD6ABA8-D000-4322-905B-9A3FD0B4356E}.Debug|Any CPU.ActiveCfg = Debug|Win32
		{2BD6ABA8-D000-4322-905B-9A3FD0B4356E}.Debug|x64.ActiveCfg = Debug|x64
		{2BD6ABA8-D000-4322-905B-9A3FD0B4356E}.Debug|x64.Build.0 = Debug|x64
		{2BD6ABA8-D000-4322-905B-9A3FD0B4356E}.Debug|x86.ActiveCfg = Debug|Win32
		{2BD6ABA8-D000-4322-905B-9A3FD0B4356E}.Debug|x86.Build.0 = Debug|Win32
		{2BD6ABA8-D000-4322-905B-9A3FD0B4356E}.Release|Any CPU.ActiveCfg = Release|Win32
		{2BD6ABA8-D000-4322-905B-9A3FD0B4356E}.Release|x64.ActiveCfg = Release|x64
		{2BD6ABA8-D000-4322-905B-9A3FD0B4356E}.Release|x64.Build.0 = Release|x64
		{2BD6ABA8-D000-4322-905B-9A3FD0B4356E}.Release|x86.ActiveCfg = Release|Win32
		{2BD6ABA8-D000-4322-905B-9A3FD0B4356E}.Release|x86.Build.0 = Release|Win32
		{8A898C18-2A35-449F-A90F-4C53BF1B4C32}.Debug|Any CPU.ActiveCfg = Debug|Win32
		{8A898C18-2A35-449F-A90F-4C53BF1B4C32}.Debug|x64.ActiveCfg = Debug|x64
		{8A898C18-2A35-449F-A90F-4C53BF1B4C32}.Debug|x64.Build.0 = Debug|x64
		{8A898C18-2A35-449F-A90F-4C53BF1B4C32}.Debug|x86.ActiveCfg = Debug|Win32
		{8A898C18-2A35-449F-A90F-4C53BF1B4C32}.Debug|x86.Build.0 = Debug|Win32
		{8A898C18-2A35-449F-A90F-4C53BF1B4C32}.Release|Any CPU.ActiveCfg = Release|Win32
		{8A898C18-2A35-449F-A90F-4C53BF1B4C32}.Release|x64.ActiveCfg = Release|x64
		{8A898C18-2A35-449F-A90F-4C53BF1B4C32}.Release|x64.Build.0 = Release|x64
		{8A898C18-2A35-449F-A90F-4C53BF1B4C32}.Release|x86.ActiveCfg = Release|Win32
		{8A898C18-2A35-449F-A90F-4C53BF1B4C32}.Release|x86.Build.0 = Release|Win32
		{FC99703A-3558-46E0-A6A9-FE222CDB79A2}.Debug|Any CPU.ActiveCfg = Debug|Win32
		{FC99703A-3558-46E0-A6A9-FE222CDB79A2}.Debug|x64.ActiveCfg = Debug|x64
		{FC99703A-3558-46E0-A6A9-FE222CDB79A2}.Debug|x64.Build.0 = Debug|x64
		{FC99703A-3558-46E0-A6A9-FE222CDB79A2}.Debug|x86.ActiveCfg = Debug|Win32
		{FC99703A-3558-46E0-A6A9-FE222CDB79A2}.Debug|x86.Build.0 = Debug|Win32
		{FC99703A-3558-46E0-A6A9-FE222CDB79A2}.Release|Any CPU.ActiveCfg = Release|Win32
		{FC99703A-3558-46E0-A6A9-FE222CDB79A2}.Release|x64.ActiveCfg = Release|x64
		{FC99703A-3558-46E0-A6A9-FE222CDB79A2}.Release|x64.Build.0 = Release|x64
		{FC99703A-3558-46E0-A6A9-FE222CDB79A2}.Release|x86.ActiveCfg = Release|Win32
		{FC99703A-3558-46E0-A6A9-FE222CDB79A2}.Release|x86.Build.0 = Release|Win32
		{A2A546AE-C075-4B99-A839-63E74EF549C7}.Debug|Any CPU.ActiveCfg = Debug|Any CPU
		{A2A546AE-C075-4B99-A839-63E74EF549C7}.Debug|Any CPU.Build.0 = Debug|Any CPU
		{A2A546AE-C075-4B99-A839-63E74EF549C7}.Debug|x64.ActiveCfg = Debug|Any CPU
		{A2A546AE-C075-4B99-A839-63E74EF549C7}.Debug|x64.Build.0 = Debug|Any CPU
		{A2A546AE-C075-4B99-A839-63E74EF549C7}.Debug|x86.ActiveCfg = Debug|Any CPU
		{A2A546AE-C075-4B99-A839-63E74EF549C7}.Debug|x86.Build.0 = Debug|Any CPU
		{A2A546AE-C075-4B99-A839-63E74EF549C7}.Release|Any CPU.ActiveCfg = Release|Any CPU
		{A2A546AE-C075-4B99-A839-63E74EF549C7}.Release|Any CPU.Build.0 = Release|Any CPU
		{A2A546AE-C075-4B99-A839-63E74EF549C7}.Release|x64.ActiveCfg = Release|Any CPU
		{A2A546AE-C075-4B99-A839-63E74EF549C7}.Release|x64.Build.0 = Release|Any CPU
		{A2A546AE-C075-4B99-A839-63E74EF549C7}.Release|x86.ActiveCfg = Release|Any CPU
		{A2A546AE-C075-4B99-A839-63E74EF549C7}.Release|x86.Build.0 = Release|Any CPU
		{665746E2-DF6F-43BA-BDC8-C2235A9418D4}.Debug|Any CPU.ActiveCfg = Debug|Any CPU
		{665746E2-DF6F-43BA-BDC8-C2235A9418D4}.Debug|Any CPU.Build.0 = Debug|Any CPU
		{665746E2-DF6F-43BA-BDC8-C2235A9418D4}.Debug|x64.ActiveCfg = Debug|Any CPU
		{665746E2-DF6F-43BA-BDC8-C2235A9418D4}.Debug|x64.Build.0 = Debug|Any CPU
		{665746E2-DF6F-43BA-BDC8-C2235A9418D4}.Debug|x86.ActiveCfg = Debug|Any CPU
		{665746E2-DF6F-43BA-BDC8-C2235A9418D4}.Debug|x86.Build.0 = Debug|Any CPU
		{665746E2-DF6F-43BA-BDC8-C2235A9418D4}.Release|Any CPU.ActiveCfg = Release|Any CPU
		{665746E2-DF6F-43BA-BDC8-C2235A9418D4}.Release|Any CPU.Build.0 = Release|Any CPU
		{665746E2-DF6F-43BA-BDC8-C2235A9418D4}.Release|x64.ActiveCfg = Release|Any CPU
		{665746E2-DF6F-43BA-BDC8-C2235A9418D4}.Release|x64.Build.0 = Release|Any CPU
		{665746E2-DF6F-43BA-BDC8-C2235A9418D4}.Release|x86.ActiveCfg = Release|Any CPU
		{665746E2-DF6F-43BA-BDC8-C2235A9418D4}.Release|x86.Build.0 = Release|Any CPU
		{62C5E631-498A-4760-BBE6-4CE45E6F62C3}.Debug|Any CPU.ActiveCfg = Debug|Any CPU
		{62C5E631-498A-4760-BBE6-4CE45E6F62C3}.Debug|Any CPU.Build.0 = Debug|Any CPU
		{62C5E631-498A-4760-BBE6-4CE45E6F62C3}.Debug|x64.ActiveCfg = Debug|Any CPU
		{62C5E631-498A-4760-BBE6-4CE45E6F62C3}.Debug|x64.Build.0 = Debug|Any CPU
		{62C5E631-498A-4760-BBE6-4CE45E6F62C3}.Debug|x86.ActiveCfg = Debug|Any CPU
		{62C5E631-498A-4760-BBE6-4CE45E6F62C3}.Debug|x86.Build.0 = Debug|Any CPU
		{62C5E631-498A-4760-BBE6-4CE45E6F62C3}.Release|Any CPU.ActiveCfg = Release|Any CPU
		{62C5E631-498A-4760-BBE6-4CE45E6F62C3}.Release|Any CPU.Build.0 = Release|Any CPU
		{62C5E631-498A-4760-BBE6-4CE45E6F62C3}.Release|x64.ActiveCfg = Release|Any CPU
		{62C5E631-498A-4760-BBE6-4CE45E6F62C3}.Release|x64.Build.0 = Release|Any CPU
		{62C5E631-498A-4760-BBE6-4CE45E6F62C3}.Release|x86.ActiveCfg = Release|Any CPU
		{62C5E631-498A-4760-BBE6-4CE45E6F62C3}.Release|x86.Build.0 = Release|Any CPU
		{C23E5E78-54C1-4A96-8083-91006C30E5CF}.Debug|Any CPU.ActiveCfg = Debug|Win32
		{C23E5E78-54C1-4A96-8083-91006C30E5CF}.Debug|x64.ActiveCfg = Debug|x64
		{C23E5E78-54C1-4A96-8083-91006C30E5CF}.Debug|x64.Build.0 = Debug|x64
		{C23E5E78-54C1-4A96-8083-91006C30E5CF}.Debug|x86.ActiveCfg = Debug|Win32
		{C23E5E78-54C1-4A96-8083-91006C30E5CF}.Debug|x86.Build.0 = Debug|Win32
		{C23E5E78-54C1-4A96-8083-91006C30E5CF}.Release|Any CPU.ActiveCfg = Release|Win32
		{C23E5E78-54C1-4A96-8083-91006C30E5CF}.Release|x64.ActiveCfg = Release|x64
		{C23E5E78-54C1-4A96-8083-91006C30E5CF}.Release|x64.Build.0 = Release|x64
		{C23E5E78-54C1-4A96-8083-91006C30E5CF}.Release|x86.ActiveCfg = Release|Win32
		{C23E5E78-54C1-4A96-8083-91006C30E5CF}.Release|x86.Build.0 = Release|Win32
		{9B7611BE-CCE9-4D55-9A18-B76CF00C95B8}.Debug|Any CPU.ActiveCfg = Debug|Any CPU
		{9B7611BE-CCE9-4D55-9A18-B76CF00C95B8}.Debug|Any CPU.Build.0 = Debug|Any CPU
		{9B7611BE-CCE9-4D55-9A18-B76CF00C95B8}.Debug|x64.ActiveCfg = Debug|Any CPU
		{9B7611BE-CCE9-4D55-9A18-B76CF00C95B8}.Debug|x64.Build.0 = Debug|Any CPU
		{9B7611BE-CCE9-4D55-9A18-B76CF00C95B8}.Debug|x86.ActiveCfg = Debug|Any CPU
		{9B7611BE-CCE9-4D55-9A18-B76CF00C95B8}.Debug|x86.Build.0 = Debug|Any CPU
		{9B7611BE-CCE9-4D55-9A18-B76CF00C95B8}.Release|Any CPU.ActiveCfg = Release|Any CPU
		{9B7611BE-CCE9-4D55-9A18-B76CF00C95B8}.Release|Any CPU.Build.0 = Release|Any CPU
		{9B7611BE-CCE9-4D55-9A18-B76CF00C95B8}.Release|x64.ActiveCfg = Release|Any CPU
		{9B7611BE-CCE9-4D55-9A18-B76CF00C95B8}.Release|x64.Build.0 = Release|Any CPU
		{9B7611BE-CCE9-4D55-9A18-B76CF00C95B8}.Release|x86.ActiveCfg = Release|Any CPU
		{9B7611BE-CCE9-4D55-9A18-B76CF00C95B8}.Release|x86.Build.0 = Release|Any CPU
		{F82FECBF-C2ED-4CD9-AA00-39E035E285F3}.Debug|Any CPU.ActiveCfg = Debug|Any CPU
		{F82FECBF-C2ED-4CD9-AA00-39E035E285F3}.Debug|Any CPU.Build.0 = Debug|Any CPU
		{F82FECBF-C2ED-4CD9-AA00-39E035E285F3}.Debug|x64.ActiveCfg = Debug|Any CPU
		{F82FECBF-C2ED-4CD9-AA00-39E035E285F3}.Debug|x64.Build.0 = Debug|Any CPU
		{F82FECBF-C2ED-4CD9-AA00-39E035E285F3}.Debug|x86.ActiveCfg = Debug|Any CPU
		{F82FECBF-C2ED-4CD9-AA00-39E035E285F3}.Debug|x86.Build.0 = Debug|Any CPU
		{F82FECBF-C2ED-4CD9-AA00-39E035E285F3}.Release|Any CPU.ActiveCfg = Release|Any CPU
		{F82FECBF-C2ED-4CD9-AA00-39E035E285F3}.Release|Any CPU.Build.0 = Release|Any CPU
		{F82FECBF-C2ED-4CD9-AA00-39E035E285F3}.Release|x64.ActiveCfg = Release|Any CPU
		{F82FECBF-C2ED-4CD9-AA00-39E035E285F3}.Release|x64.Build.0 = Release|Any CPU
		{F82FECBF-C2ED-4CD9-AA00-39E035E285F3}.Release|x86.ActiveCfg = Release|Any CPU
		{F82FECBF-C2ED-4CD9-AA00-39E035E285F3}.Release|x86.Build.0 = Release|Any CPU
		{91D6C2FB-E3BA-4E1A-B292-20F20D48B81B}.Debug|Any CPU.ActiveCfg = Debug|Any CPU
		{91D6C2FB-E3BA-4E1A-B292-20F20D48B81B}.Debug|Any CPU.Build.0 = Debug|Any CPU
		{91D6C2FB-E3BA-4E1A-B292-20F20D48B81B}.Debug|x64.ActiveCfg = Debug|Any CPU
		{91D6C2FB-E3BA-4E1A-B292-20F20D48B81B}.Debug|x64.Build.0 = Debug|Any CPU
		{91D6C2FB-E3BA-4E1A-B292-20F20D48B81B}.Debug|x86.ActiveCfg = Debug|Any CPU
		{91D6C2FB-E3BA-4E1A-B292-20F20D48B81B}.Debug|x86.Build.0 = Debug|Any CPU
		{91D6C2FB-E3BA-4E1A-B292-20F20D48B81B}.Release|Any CPU.ActiveCfg = Release|Any CPU
		{91D6C2FB-E3BA-4E1A-B292-20F20D48B81B}.Release|Any CPU.Build.0 = Release|Any CPU
		{91D6C2FB-E3BA-4E1A-B292-20F20D48B81B}.Release|x64.ActiveCfg = Release|Any CPU
		{91D6C2FB-E3BA-4E1A-B292-20F20D48B81B}.Release|x64.Build.0 = Release|Any CPU
		{91D6C2FB-E3BA-4E1A-B292-20F20D48B81B}.Release|x86.ActiveCfg = Release|Any CPU
		{91D6C2FB-E3BA-4E1A-B292-20F20D48B81B}.Release|x86.Build.0 = Release|Any CPU
		{2A7A5312-A38D-4FBB-BF2C-568E3D7B278C}.Debug|Any CPU.ActiveCfg = Debug|Win32
		{2A7A5312-A38D-4FBB-BF2C-568E3D7B278C}.Debug|x64.ActiveCfg = Debug|x64
		{2A7A5312-A38D-4FBB-BF2C-568E3D7B278C}.Debug|x64.Build.0 = Debug|x64
		{2A7A5312-A38D-4FBB-BF2C-568E3D7B278C}.Debug|x86.ActiveCfg = Debug|Win32
		{2A7A5312-A38D-4FBB-BF2C-568E3D7B278C}.Debug|x86.Build.0 = Debug|Win32
		{2A7A5312-A38D-4FBB-BF2C-568E3D7B278C}.Release|Any CPU.ActiveCfg = Release|Win32
		{2A7A5312-A38D-4FBB-BF2C-568E3D7B278C}.Release|x64.ActiveCfg = Release|x64
		{2A7A5312-A38D-4FBB-BF2C-568E3D7B278C}.Release|x64.Build.0 = Release|x64
		{2A7A5312-A38D-4FBB-BF2C-568E3D7B278C}.Release|x86.ActiveCfg = Release|Win32
		{2A7A5312-A38D-4FBB-BF2C-568E3D7B278C}.Release|x86.Build.0 = Release|Win32
		{355BFE55-4762-442A-879C-D6EC249526FB}.Debug|Any CPU.ActiveCfg = Debug|Any CPU
		{355BFE55-4762-442A-879C-D6EC249526FB}.Debug|Any CPU.Build.0 = Debug|Any CPU
		{355BFE55-4762-442A-879C-D6EC249526FB}.Debug|x64.ActiveCfg = Debug|Any CPU
		{355BFE55-4762-442A-879C-D6EC249526FB}.Debug|x64.Build.0 = Debug|Any CPU
		{355BFE55-4762-442A-879C-D6EC249526FB}.Debug|x86.ActiveCfg = Debug|Any CPU
		{355BFE55-4762-442A-879C-D6EC249526FB}.Debug|x86.Build.0 = Debug|Any CPU
		{355BFE55-4762-442A-879C-D6EC249526FB}.Release|Any CPU.ActiveCfg = Release|Any CPU
		{355BFE55-4762-442A-879C-D6EC249526FB}.Release|Any CPU.Build.0 = Release|Any CPU
		{355BFE55-4762-442A-879C-D6EC249526FB}.Release|x64.ActiveCfg = Release|Any CPU
		{355BFE55-4762-442A-879C-D6EC249526FB}.Release|x64.Build.0 = Release|Any CPU
		{355BFE55-4762-442A-879C-D6EC249526FB}.Release|x86.ActiveCfg = Release|Any CPU
		{355BFE55-4762-442A-879C-D6EC249526FB}.Release|x86.Build.0 = Release|Any CPU
		{38627659-E2F2-4BE6-AC45-8B0C0BCA30F4}.Debug|Any CPU.ActiveCfg = Debug|Any CPU
		{38627659-E2F2-4BE6-AC45-8B0C0BCA30F4}.Debug|Any CPU.Build.0 = Debug|Any CPU
		{38627659-E2F2-4BE6-AC45-8B0C0BCA30F4}.Debug|x64.ActiveCfg = Debug|Any CPU
		{38627659-E2F2-4BE6-AC45-8B0C0BCA30F4}.Debug|x64.Build.0 = Debug|Any CPU
		{38627659-E2F2-4BE6-AC45-8B0C0BCA30F4}.Debug|x86.ActiveCfg = Debug|Any CPU
		{38627659-E2F2-4BE6-AC45-8B0C0BCA30F4}.Debug|x86.Build.0 = Debug|Any CPU
		{38627659-E2F2-4BE6-AC45-8B0C0BCA30F4}.Release|Any CPU.ActiveCfg = Release|Any CPU
		{38627659-E2F2-4BE6-AC45-8B0C0BCA30F4}.Release|Any CPU.Build.0 = Release|Any CPU
		{38627659-E2F2-4BE6-AC45-8B0C0BCA30F4}.Release|x64.ActiveCfg = Release|Any CPU
		{38627659-E2F2-4BE6-AC45-8B0C0BCA30F4}.Release|x64.Build.0 = Release|Any CPU
		{38627659-E2F2-4BE6-AC45-8B0C0BCA30F4}.Release|x86.ActiveCfg = Release|Any CPU
		{38627659-E2F2-4BE6-AC45-8B0C0BCA30F4}.Release|x86.Build.0 = Release|Any CPU
	EndGlobalSection
	GlobalSection(SolutionProperties) = preSolution
		HideSolutionNode = FALSE
	EndGlobalSection
	GlobalSection(NestedProjects) = preSolution
		{F82FECBF-C2ED-4CD9-AA00-39E035E285F3} = {272D840B-31F3-4976-9DAF-5464AFAE42C6}
		{91D6C2FB-E3BA-4E1A-B292-20F20D48B81B} = {272D840B-31F3-4976-9DAF-5464AFAE42C6}
		{2A7A5312-A38D-4FBB-BF2C-568E3D7B278C} = {272D840B-31F3-4976-9DAF-5464AFAE42C6}
	EndGlobalSection
	GlobalSection(ExtensibilityGlobals) = postSolution
		SolutionGuid = {E83E5C12-84A0-4E20-8270-4555B0DFA01F}
	EndGlobalSection
EndGlobal
